
Microsoft Visual Studio Solution File, Format Version 12.00
Project("{FAE04EC0-301F-11D3-BF4B-00C04F79EFBC}") = "Console1", "Console1\Console1.csproj", "{407BDCEC-7021-40F1-830A-AB317693746B}"
EndProject
Global
	GlobalSection(SolutionConfigurationPlatforms) = preSolution
		Debug|Any CPU = Debug|Any CPU
		Release|Any CPU = Release|Any CPU
	EndGlobalSection
	GlobalSection(ProjectConfigurationPlatforms) = postSolution
		{407BDCEC-7021-40F1-830A-AB317693746B}.Debug|Any CPU.ActiveCfg = Debug|Any CPU
		{407BDCEC-7021-40F1-830A-AB317693746B}.Debug|Any CPU.Build.0 = Debug|Any CPU
		{407BDCEC-7021-40F1-830A-AB317693746B}.Release|Any CPU.ActiveCfg = Release|Any CPU
		{407BDCEC-7021-40F1-830A-AB317693746B}.Release|Any CPU.Build.0 = Release|Any CPU
	EndGlobalSection
EndGlobal
